
Microsoft Visual Studio Solution File, Format Version 12.00
# Visual Studio Version 17
VisualStudioVersion = 17.7.34031.279
MinimumVisualStudioVersion = 10.0.40219.1
Project("{8BC9CEB8-8B4A-11D0-8D11-00A0C91BC942}") = "problem_37", "problem_37.vcxproj", "{7969554A-717F-4EB8-A227-CD380B5357DA}"
EndProject
Global
	GlobalSection(SolutionConfigurationPlatforms) = preSolution
		Debug|x64 = Debug|x64
		Debug|x86 = Debug|x86
		Release|x64 = Release|x64
		Release|x86 = Release|x86
	EndGlobalSection
	GlobalSection(ProjectConfigurationPlatforms) = postSolution
		{7969554A-717F-4EB8-A227-CD380B5357DA}.Debug|x64.ActiveCfg = Debug|x64
		{7969554A-717F-4EB8-A227-CD380B5357DA}.Debug|x64.Build.0 = Debug|x64
		{7969554A-717F-4EB8-A227-CD380B5357DA}.Debug|x86.ActiveCfg = Debug|Win32
		{7969554A-717F-4EB8-A227-CD380B5357DA}.Debug|x86.Build.0 = Debug|Win32
		{7969554A-717F-4EB8-A227-CD380B5357DA}.Release|x64.ActiveCfg = Release|x64
		{7969554A-717F-4EB8-A227-CD380B5357DA}.Release|x64.Build.0 = Release|x64
		{7969554A-717F-4EB8-A227-CD380B5357DA}.Release|x86.ActiveCfg = Release|Win32
		{7969554A-717F-4EB8-A227-CD380B5357DA}.Release|x86.Build.0 = Release|Win32
	EndGlobalSection
	GlobalSection(SolutionProperties) = preSolution
		HideSolutionNode = FALSE
	EndGlobalSection
	GlobalSection(ExtensibilityGlobals) = postSolution
		SolutionGuid = {59DEAE6C-4EDF-4443-8386-09947E1B8489}
	EndGlobalSection
EndGlobal
